// !$*UTF8*$!
{
	archiveVersion = 1;
	classes = {
	};
	objectVersion = 48;
	objects = {

/* Begin PBXBuildFile section */
		D4BC649F207CD1A500D60EFA /* AppDelegate.swift in Sources */ = {isa = PBXBuildFile; fileRef = D4BC649E207CD1A500D60EFA /* AppDelegate.swift */; };
		D4BC64A1207CD1A500D60EFA /* ViewController.swift in Sources */ = {isa = PBXBuildFile; fileRef = D4BC64A0207CD1A500D60EFA /* ViewController.swift */; };
		D4BC64A4207CD1A500D60EFA /* Main.storyboard in Resources */ = {isa = PBXBuildFile; fileRef = D4BC64A2207CD1A500D60EFA /* Main.storyboard */; };
		D4BC64A6207CD1A500D60EFA /* Assets.xcassets in Resources */ = {isa = PBXBuildFile; fileRef = D4BC64A5207CD1A500D60EFA /* Assets.xcassets */; };
		D4BC64A9207CD1A500D60EFA /* LaunchScreen.storyboard in Resources */ = {isa = PBXBuildFile; fileRef = D4BC64A7207CD1A500D60EFA /* LaunchScreen.storyboard */; };
		D4BC64B4207CD1A500D60EFA /* TestTaskTests.swift in Sources */ = {isa = PBXBuildFile; fileRef = D4BC64B3207CD1A500D60EFA /* TestTaskTests.swift */; };
		D4BC64BF207CD1A500D60EFA /* TestTaskUITests.swift in Sources */ = {isa = PBXBuildFile; fileRef = D4BC64BE207CD1A500D60EFA /* TestTaskUITests.swift */; };
/* End PBXBuildFile section */

/* Begin PBXContainerItemProxy section */
		D4BC64B0207CD1A500D60EFA /* PBXContainerItemProxy */ = {
			isa = PBXContainerItemProxy;
			containerPortal = D4BC6493207CD1A500D60EFA /* Project object */;
			proxyType = 1;
			remoteGlobalIDString = D4BC649A207CD1A500D60EFA;
			remoteInfo = TestTask;
		};
		D4BC64BB207CD1A500D60EFA /* PBXContainerItemProxy */ = {
			isa = PBXContainerItemProxy;
			containerPortal = D4BC6493207CD1A500D60EFA /* Project object */;
			proxyType = 1;
			remoteGlobalIDString = D4BC649A207CD1A500D60EFA;
			remoteInfo = TestTask;
		};
/* End PBXContainerItemProxy section */

/* Begin PBXFileReference section */
		D4BC649B207CD1A500D60EFA /* TestTask.app */ = {isa = PBXFileReference; explicitFileType = wrapper.application; includeInIndex = 0; path = TestTask.app; sourceTree = BUILT_PRODUCTS_DIR; };
		D4BC649E207CD1A500D60EFA /* AppDelegate.swift */ = {isa = PBXFileReference; lastKnownFileType = sourcecode.swift; path = AppDelegate.swift; sourceTree = "<group>"; };
		D4BC64A0207CD1A500D60EFA /* ViewController.swift */ = {isa = PBXFileReference; lastKnownFileType = sourcecode.swift; path = ViewController.swift; sourceTree = "<group>"; };
		D4BC64A3207CD1A500D60EFA /* Base */ = {isa = PBXFileReference; lastKnownFileType = file.storyboard; name = Base; path = Base.lproj/Main.storyboard; sourceTree = "<group>"; };
		D4BC64A5207CD1A500D60EFA /* Assets.xcassets */ = {isa = PBXFileReference; lastKnownFileType = folder.assetcatalog; path = Assets.xcassets; sourceTree = "<group>"; };
		D4BC64A8207CD1A500D60EFA /* Base */ = {isa = PBXFileReference; lastKnownFileType = file.storyboard; name = Base; path = Base.lproj/LaunchScreen.storyboard; sourceTree = "<group>"; };
		D4BC64AA207CD1A500D60EFA /* Info.plist */ = {isa = PBXFileReference; lastKnownFileType = text.plist.xml; path = Info.plist; sourceTree = "<group>"; };
		D4BC64AF207CD1A500D60EFA /* TestTaskTests.xctest */ = {isa = PBXFileReference; explicitFileType = wrapper.cfbundle; includeInIndex = 0; path = TestTaskTests.xctest; sourceTree = BUILT_PRODUCTS_DIR; };
		D4BC64B3207CD1A500D60EFA /* TestTaskTests.swift */ = {isa = PBXFileReference; lastKnownFileType = sourcecode.swift; path = TestTaskTests.swift; sourceTree = "<group>"; };
		D4BC64B5207CD1A500D60EFA /* Info.plist */ = {isa = PBXFileReference; lastKnownFileType = text.plist.xml; path = Info.plist; sourceTree = "<group>"; };
		D4BC64BA207CD1A500D60EFA /* TestTaskUITests.xctest */ = {isa = PBXFileReference; explicitFileType = wrapper.cfbundle; includeInIndex = 0; path = TestTaskUITests.xctest; sourceTree = BUILT_PRODUCTS_DIR; };
		D4BC64BE207CD1A500D60EFA /* TestTaskUITests.swift */ = {isa = PBXFileReference; lastKnownFileType = sourcecode.swift; path = TestTaskUITests.swift; sourceTree = "<group>"; };
		D4BC64C0207CD1A500D60EFA /* Info.plist */ = {isa = PBXFileReference; lastKnownFileType = text.plist.xml; path = Info.plist; sourceTree = "<group>"; };
/* End PBXFileReference section */

/* Begin PBXFrameworksBuildPhase section */
		D4BC6498207CD1A500D60EFA /* Frameworks */ = {
			isa = PBXFrameworksBuildPhase;
			buildActionMask = 2147483647;
			files = (
			);
			runOnlyForDeploymentPostprocessing = 0;
		};
		D4BC64AC207CD1A500D60EFA /* Frameworks */ = {
			isa = PBXFrameworksBuildPhase;
			buildActionMask = 2147483647;
			files = (
			);
			runOnlyForDeploymentPostprocessing = 0;
		};
		D4BC64B7207CD1A500D60EFA /* Frameworks */ = {
			isa = PBXFrameworksBuildPhase;
			buildActionMask = 2147483647;
			files = (
			);
			runOnlyForDeploymentPostprocessing = 0;
		};
/* End PBXFrameworksBuildPhase section */

/* Begin PBXGroup section */
		D4BC6492207CD1A500D60EFA = {
			isa = PBXGroup;
			children = (
				D4BC649D207CD1A500D60EFA /* TestTask */,
				D4BC64B2207CD1A500D60EFA /* TestTaskTests */,
				D4BC64BD207CD1A500D60EFA /* TestTaskUITests */,
				D4BC649C207CD1A500D60EFA /* Products */,
			);
			sourceTree = "<group>";
		};
		D4BC649C207CD1A500D60EFA /* Products */ = {
			isa = PBXGroup;
			children = (
				D4BC649B207CD1A500D60EFA /* TestTask.app */,
				D4BC64AF207CD1A500D60EFA /* TestTaskTests.xctest */,
				D4BC64BA207CD1A500D60EFA /* TestTaskUITests.xctest */,
			);
			name = Products;
			sourceTree = "<group>";
		};
		D4BC649D207CD1A500D60EFA /* TestTask */ = {
			isa = PBXGroup;
			children = (
				D4BC649E207CD1A500D60EFA /* AppDelegate.swift */,
				D4BC64A0207CD1A500D60EFA /* ViewController.swift */,
				D4BC64A2207CD1A500D60EFA /* Main.storyboard */,
				D4BC64A5207CD1A500D60EFA /* Assets.xcassets */,
				D4BC64A7207CD1A500D60EFA /* LaunchScreen.storyboard */,
				D4BC64AA207CD1A500D60EFA /* Info.plist */,
			);
			path = TestTask;
			sourceTree = "<group>";
		};
		D4BC64B2207CD1A500D60EFA /* TestTaskTests */ = {
			isa = PBXGroup;
			children = (
				D4BC64B3207CD1A500D60EFA /* TestTaskTests.swift */,
				D4BC64B5207CD1A500D60EFA /* Info.plist */,
			);
			path = TestTaskTests;
			sourceTree = "<group>";
		};
		D4BC64BD207CD1A500D60EFA /* TestTaskUITests */ = {
			isa = PBXGroup;
			children = (
				D4BC64BE207CD1A500D60EFA /* TestTaskUITests.swift */,
				D4BC64C0207CD1A500D60EFA /* Info.plist */,
			);
			path = TestTaskUITests;
			sourceTree = "<group>";
		};
/* End PBXGroup section */

/* Begin PBXNativeTarget section */
		D4BC649A207CD1A500D60EFA /* TestTask */ = {
			isa = PBXNativeTarget;
			buildConfigurationList = D4BC64C3207CD1A500D60EFA /* Build configuration list for PBXNativeTarget "TestTask" */;
			buildPhases = (
				D4BC6497207CD1A500D60EFA /* Sources */,
				D4BC6498207CD1A500D60EFA /* Frameworks */,
				D4BC6499207CD1A500D60EFA /* Resources */,
			);
			buildRules = (
			);
			dependencies = (
			);
			name = TestTask;
			productName = TestTask;
			productReference = D4BC649B207CD1A500D60EFA /* TestTask.app */;
			productType = "com.apple.product-type.application";
		};
		D4BC64AE207CD1A500D60EFA /* TestTaskTests */ = {
			isa = PBXNativeTarget;
			buildConfigurationList = D4BC64C6207CD1A500D60EFA /* Build configuration list for PBXNativeTarget "TestTaskTests" */;
			buildPhases = (
				D4BC64AB207CD1A500D60EFA /* Sources */,
				D4BC64AC207CD1A500D60EFA /* Frameworks */,
				D4BC64AD207CD1A500D60EFA /* Resources */,
			);
			buildRules = (
			);
			dependencies = (
				D4BC64B1207CD1A500D60EFA /* PBXTargetDependency */,
			);
			name = TestTaskTests;
			productName = TestTaskTests;
			productReference = D4BC64AF207CD1A500D60EFA /* TestTaskTests.xctest */;
			productType = "com.apple.product-type.bundle.unit-test";
		};
		D4BC64B9207CD1A500D60EFA /* TestTaskUITests */ = {
			isa = PBXNativeTarget;
			buildConfigurationList = D4BC64C9207CD1A500D60EFA /* Build configuration list for PBXNativeTarget "TestTaskUITests" */;
			buildPhases = (
				D4BC64B6207CD1A500D60EFA /* Sources */,
				D4BC64B7207CD1A500D60EFA /* Frameworks */,
				D4BC64B8207CD1A500D60EFA /* Resources */,
			);
			buildRules = (
			);
			dependencies = (
				D4BC64BC207CD1A500D60EFA /* PBXTargetDependency */,
			);
			name = TestTaskUITests;
			productName = TestTaskUITests;
			productReference = D4BC64BA207CD1A500D60EFA /* TestTaskUITests.xctest */;
			productType = "com.apple.product-type.bundle.ui-testing";
		};
/* End PBXNativeTarget section */

/* Begin PBXProject section */
		D4BC6493207CD1A500D60EFA /* Project object */ = {
			isa = PBXProject;
			attributes = {
				LastSwiftUpdateCheck = 0920;
				LastUpgradeCheck = 0920;
				ORGANIZATIONNAME = "Alivelu Ravula";
				TargetAttributes = {
					D4BC649A207CD1A500D60EFA = {
						CreatedOnToolsVersion = 9.2;
						ProvisioningStyle = Automatic;
					};
					D4BC64AE207CD1A500D60EFA = {
						CreatedOnToolsVersion = 9.2;
						ProvisioningStyle = Automatic;
						TestTargetID = D4BC649A207CD1A500D60EFA;
					};
					D4BC64B9207CD1A500D60EFA = {
						CreatedOnToolsVersion = 9.2;
						ProvisioningStyle = Automatic;
						TestTargetID = D4BC649A207CD1A500D60EFA;
					};
				};
			};
			buildConfigurationList = D4BC6496207CD1A500D60EFA /* Build configuration list for PBXProject "TestTask" */;
			compatibilityVersion = "Xcode 8.0";
			developmentRegion = en;
			hasScannedForEncodings = 0;
			knownRegions = (
				en,
				Base,
			);
			mainGroup = D4BC6492207CD1A500D60EFA;
			productRefGroup = D4BC649C207CD1A500D60EFA /* Products */;
			projectDirPath = "";
			projectRoot = "";
			targets = (
				D4BC649A207CD1A500D60EFA /* TestTask */,
				D4BC64AE207CD1A500D60EFA /* TestTaskTests */,
				D4BC64B9207CD1A500D60EFA /* TestTaskUITests */,
			);
		};
/* End PBXProject section */

/* Begin PBXResourcesBuildPhase section */
		D4BC6499207CD1A500D60EFA /* Resources */ = {
			isa = PBXResourcesBuildPhase;
			buildActionMask = 2147483647;
			files = (
				D4BC64A9207CD1A500D60EFA /* LaunchScreen.storyboard in Resources */,
				D4BC64A6207CD1A500D60EFA /* Assets.xcassets in Resources */,
				D4BC64A4207CD1A500D60EFA /* Main.storyboard in Resources */,
			);
			runOnlyForDeploymentPostprocessing = 0;
		};
		D4BC64AD207CD1A500D60EFA /* Resources */ = {
			isa = PBXResourcesBuildPhase;
			buildActionMask = 2147483647;
			files = (
			);
			runOnlyForDeploymentPostprocessing = 0;
		};
		D4BC64B8207CD1A500D60EFA /* Resources */ = {
			isa = PBXResourcesBuildPhase;
			buildActionMask = 2147483647;
			files = (
			);
			runOnlyForDeploymentPostprocessing = 0;
		};
/* End PBXResourcesBuildPhase section */

/* Begin PBXSourcesBuildPhase section */
		D4BC6497207CD1A500D60EFA /* Sources */ = {
			isa = PBXSourcesBuildPhase;
			buildActionMask = 2147483647;
			files = (
				D4BC64A1207CD1A500D60EFA /* ViewController.swift in Sources */,
				D4BC649F207CD1A500D60EFA /* AppDelegate.swift in Sources */,
			);
			runOnlyForDeploymentPostprocessing = 0;
		};
		D4BC64AB207CD1A500D60EFA /* Sources */ = {
			isa = PBXSourcesBuildPhase;
			buildActionMask = 2147483647;
			files = (
				D4BC64B4207CD1A500D60EFA /* TestTaskTests.swift in Sources */,
			);
			runOnlyForDeploymentPostprocessing = 0;
		};
		D4BC64B6207CD1A500D60EFA /* Sources */ = {
			isa = PBXSourcesBuildPhase;
			buildActionMask = 2147483647;
			files = (
				D4BC64BF207CD1A500D60EFA /* TestTaskUITests.swift in Sources */,
			);
			runOnlyForDeploymentPostprocessing = 0;
		};
/* End PBXSourcesBuildPhase section */

/* Begin PBXTargetDependency section */
		D4BC64B1207CD1A500D60EFA /* PBXTargetDependency */ = {
			isa = PBXTargetDependency;
			target = D4BC649A207CD1A500D60EFA /* TestTask */;
			targetProxy = D4BC64B0207CD1A500D60EFA /* PBXContainerItemProxy */;
		};
		D4BC64BC207CD1A500D60EFA /* PBXTargetDependency */ = {
			isa = PBXTargetDependency;
			target = D4BC649A207CD1A500D60EFA /* TestTask */;
			targetProxy = D4BC64BB207CD1A500D60EFA /* PBXContainerItemProxy */;
		};
/* End PBXTargetDependency section */

/* Begin PBXVariantGroup section */
		D4BC64A2207CD1A500D60EFA /* Main.storyboard */ = {
			isa = PBXVariantGroup;
			children = (
				D4BC64A3207CD1A500D60EFA /* Base */,
			);
			name = Main.storyboard;
			sourceTree = "<group>";
		};
		D4BC64A7207CD1A500D60EFA /* LaunchScreen.storyboard */ = {
			isa = PBXVariantGroup;
			children = (
				D4BC64A8207CD1A500D60EFA /* Base */,
			);
			name = LaunchScreen.storyboard;
			sourceTree = "<group>";
		};
/* End PBXVariantGroup section */

/* Begin XCBuildConfiguration section */
		D4BC64C1207CD1A500D60EFA /* Debug */ = {
			isa = XCBuildConfiguration;
			buildSettings = {
				ALWAYS_SEARCH_USER_PATHS = NO;
				CLANG_ANALYZER_NONNULL = YES;
				CLANG_ANALYZER_NUMBER_OBJECT_CONVERSION = YES_AGGRESSIVE;
				CLANG_CXX_LANGUAGE_STANDARD = "gnu++14";
				CLANG_CXX_LIBRARY = "libc++";
				CLANG_ENABLE_MODULES = YES;
				CLANG_ENABLE_OBJC_ARC = YES;
				CLANG_WARN_BLOCK_CAPTURE_AUTORELEASING = YES;
				CLANG_WARN_BOOL_CONVERSION = YES;
				CLANG_WARN_COMMA = YES;
				CLANG_WARN_CONSTANT_CONVERSION = YES;
				CLANG_WARN_DIRECT_OBJC_ISA_USAGE = YES_ERROR;
				CLANG_WARN_DOCUMENTATION_COMMENTS = YES;
				CLANG_WARN_EMPTY_BODY = YES;
				CLANG_WARN_ENUM_CONVERSION = YES;
				CLANG_WARN_INFINITE_RECURSION = YES;
				CLANG_WARN_INT_CONVERSION = YES;
				CLANG_WARN_NON_LITERAL_NULL_CONVERSION = YES;
				CLANG_WARN_OBJC_LITERAL_CONVERSION = YES;
				CLANG_WARN_OBJC_ROOT_CLASS = YES_ERROR;
				CLANG_WARN_RANGE_LOOP_ANALYSIS = YES;
				CLANG_WARN_STRICT_PROTOTYPES = YES;
				CLANG_WARN_SUSPICIOUS_MOVE = YES;
				CLANG_WARN_UNGUARDED_AVAILABILITY = YES_AGGRESSIVE;
				CLANG_WARN_UNREACHABLE_CODE = YES;
				CLANG_WARN__DUPLICATE_METHOD_MATCH = YES;
				CODE_SIGN_IDENTITY = "iPhone Developer";
				COPY_PHASE_STRIP = NO;
				DEBUG_INFORMATION_FORMAT = dwarf;
				ENABLE_STRICT_OBJC_MSGSEND = YES;
				ENABLE_TESTABILITY = YES;
				GCC_C_LANGUAGE_STANDARD = gnu11;
				GCC_DYNAMIC_NO_PIC = NO;
				GCC_NO_COMMON_BLOCKS = YES;
				GCC_OPTIMIZATION_LEVEL = 0;
				GCC_PREPROCESSOR_DEFINITIONS = (
					"DEBUG=1",
					"$(inherited)",
				);
				GCC_WARN_64_TO_32_BIT_CONVERSION = YES;
				GCC_WARN_ABOUT_RETURN_TYPE = YES_ERROR;
				GCC_WARN_UNDECLARED_SELECTOR = YES;
				GCC_WARN_UNINITIALIZED_AUTOS = YES_AGGRESSIVE;
				GCC_WARN_UNUSED_FUNCTION = YES;
				GCC_WARN_UNUSED_VARIABLE = YES;
				IPHONEOS_DEPLOYMENT_TARGET = 11.2;
				MTL_ENABLE_DEBUG_INFO = YES;
				ONLY_ACTIVE_ARCH = YES;
				SDKROOT = iphoneos;
				SWIFT_ACTIVE_COMPILATION_CONDITIONS = DEBUG;
				SWIFT_OPTIMIZATION_LEVEL = "-Onone";
			};
			name = Debug;
		};
		D4BC64C2207CD1A500D60EFA /* Release */ = {
			isa = XCBuildConfiguration;
			buildSettings = {
				ALWAYS_SEARCH_USER_PATHS = NO;
				CLANG_ANALYZER_NONNULL = YES;
				CLANG_ANALYZER_NUMBER_OBJECT_CONVERSION = YES_AGGRESSIVE;
				CLANG_CXX_LANGUAGE_STANDARD = "gnu++14";
				CLANG_CXX_LIBRARY = "libc++";
				CLANG_ENABLE_MODULES = YES;
				CLANG_ENABLE_OBJC_ARC = YES;
				CLANG_WARN_BLOCK_CAPTURE_AUTORELEASING = YES;
				CLANG_WARN_BOOL_CONVERSION = YES;
				CLANG_WARN_COMMA = YES;
				CLANG_WARN_CONSTANT_CONVERSION = YES;
				CLANG_WARN_DIRECT_OBJC_ISA_USAGE = YES_ERROR;
				CLANG_WARN_DOCUMENTATION_COMMENTS = YES;
				CLANG_WARN_EMPTY_BODY = YES;
				CLANG_WARN_ENUM_CONVERSION = YES;
				CLANG_WARN_INFINITE_RECURSION = YES;
				CLANG_WARN_INT_CONVERSION = YES;
				CLANG_WARN_NON_LITERAL_NULL_CONVERSION = YES;
				CLANG_WARN_OBJC_LITERAL_CONVERSION = YES;
				CLANG_WARN_OBJC_ROOT_CLASS = YES_ERROR;
				CLANG_WARN_RANGE_LOOP_ANALYSIS = YES;
				CLANG_WARN_STRICT_PROTOTYPES = YES;
				CLANG_WARN_SUSPICIOUS_MOVE = YES;
				CLANG_WARN_UNGUARDED_AVAILABILITY = YES_AGGRESSIVE;
				CLANG_WARN_UNREACHABLE_CODE = YES;
				CLANG_WARN__DUPLICATE_METHOD_MATCH = YES;
				CODE_SIGN_IDENTITY = "iPhone Developer";
				COPY_PHASE_STRIP = NO;
				DEBUG_INFORMATION_FORMAT = "dwarf-with-dsym";
				ENABLE_NS_ASSERTIONS = NO;
				ENABLE_STRICT_OBJC_MSGSEND = YES;
				GCC_C_LANGUAGE_STANDARD = gnu11;
				GCC_NO_COMMON_BLOCKS = YES;
				GCC_WARN_64_TO_32_BIT_CONVERSION = YES;
				GCC_WARN_ABOUT_RETURN_TYPE = YES_ERROR;
				GCC_WARN_UNDECLARED_SELECTOR = YES;
				GCC_WARN_UNINITIALIZED_AUTOS = YES_AGGRESSIVE;
				GCC_WARN_UNUSED_FUNCTION = YES;
				GCC_WARN_UNUSED_VARIABLE = YES;
				IPHONEOS_DEPLOYMENT_TARGET = 11.2;
				MTL_ENABLE_DEBUG_INFO = NO;
				SDKROOT = iphoneos;
				SWIFT_OPTIMIZATION_LEVEL = "-Owholemodule";
				VALIDATE_PRODUCT = YES;
			};
			name = Release;
		};
		D4BC64C4207CD1A500D60EFA /* Debug */ = {
			isa = XCBuildConfiguration;
			buildSettings = {
				ASSETCATALOG_COMPILER_APPICON_NAME = AppIcon;
				CODE_SIGN_STYLE = Automatic;
				INFOPLIST_FILE = TestTask/Info.plist;
				LD_RUNPATH_SEARCH_PATHS = "$(inherited) @executable_path/Frameworks";
				PRODUCT_BUNDLE_IDENTIFIER = brn.TestTask;
				PRODUCT_NAME = "$(TARGET_NAME)";
				SWIFT_VERSION = 4.0;
				TARGETED_DEVICE_FAMILY = "1,2";
			};
			name = Debug;
		};
		D4BC64C5207CD1A500D60EFA /* Release */ = {
			isa = XCBuildConfiguration;
			buildSettings = {
				ASSETCATALOG_COMPILER_APPICON_NAME = AppIcon;
				CODE_SIGN_STYLE = Automatic;
				INFOPLIST_FILE = TestTask/Info.plist;
				LD_RUNPATH_SEARCH_PATHS = "$(inherited) @executable_path/Frameworks";
				PRODUCT_BUNDLE_IDENTIFIER = brn.TestTask;
				PRODUCT_NAME = "$(TARGET_NAME)";
				SWIFT_VERSION = 4.0;
				TARGETED_DEVICE_FAMILY = "1,2";
			};
			name = Release;
		};
		D4BC64C7207CD1A500D60EFA /* Debug */ = {
			isa = XCBuildConfiguration;
			buildSettings = {
				ALWAYS_EMBED_SWIFT_STANDARD_LIBRARIES = YES;
				BUNDLE_LOADER = "$(TEST_HOST)";
				CODE_SIGN_STYLE = Automatic;
				INFOPLIST_FILE = TestTaskTests/Info.plist;
				LD_RUNPATH_SEARCH_PATHS = "$(inherited) @executable_path/Frameworks @loader_path/Frameworks";
				PRODUCT_BUNDLE_IDENTIFIER = brn.TestTaskTests;
				PRODUCT_NAME = "$(TARGET_NAME)";
				SWIFT_VERSION = 4.0;
				TARGETED_DEVICE_FAMILY = "1,2";
				TEST_HOST = "$(BUILT_PRODUCTS_DIR)/TestTask.app/TestTask";
			};
			name = Debug;
		};
		D4BC64C8207CD1A500D60EFA /* Release */ = {
			isa = XCBuildConfiguration;
			buildSettings = {
				ALWAYS_EMBED_SWIFT_STANDARD_LIBRARIES = YES;
				BUNDLE_LOADER = "$(TEST_HOST)";
				CODE_SIGN_STYLE = Automatic;
				INFOPLIST_FILE = TestTaskTests/Info.plist;
				LD_RUNPATH_SEARCH_PATHS = "$(inherited) @executable_path/Frameworks @loader_path/Frameworks";
				PRODUCT_BUNDLE_IDENTIFIER = brn.TestTaskTests;
				PRODUCT_NAME = "$(TARGET_NAME)";
				SWIFT_VERSION = 4.0;
				TARGETED_DEVICE_FAMILY = "1,2";
				TEST_HOST = "$(BUILT_PRODUCTS_DIR)/TestTask.app/TestTask";
			};
			name = Release;
		};
		D4BC64CA207CD1A500D60EFA /* Debug */ = {
			isa = XCBuildConfiguration;
			buildSettings = {
				ALWAYS_EMBED_SWIFT_STANDARD_LIBRARIES = YES;
				CODE_SIGN_STYLE = Automatic;
				INFOPLIST_FILE = TestTaskUITests/Info.plist;
				LD_RUNPATH_SEARCH_PATHS = "$(inherited) @executable_path/Frameworks @loader_path/Frameworks";
				PRODUCT_BUNDLE_IDENTIFIER = brn.TestTaskUITests;
				PRODUCT_NAME = "$(TARGET_NAME)";
				SWIFT_VERSION = 4.0;
				TARGETED_DEVICE_FAMILY = "1,2";
				TEST_TARGET_NAME = TestTask;
			};
			name = Debug;
		};
		D4BC64CB207CD1A500D60EFA /* Release */ = {
			isa = XCBuildConfiguration;
			buildSettings = {
				ALWAYS_EMBED_SWIFT_STANDARD_LIBRARIES = YES;
				CODE_SIGN_STYLE = Automatic;
				INFOPLIST_FILE = TestTaskUITests/Info.plist;
				LD_RUNPATH_SEARCH_PATHS = "$(inherited) @executable_path/Frameworks @loader_path/Frameworks";
				PRODUCT_BUNDLE_IDENTIFIER = brn.TestTaskUITests;
				PRODUCT_NAME = "$(TARGET_NAME)";
				SWIFT_VERSION = 4.0;
				TARGETED_DEVICE_FAMILY = "1,2";
				TEST_TARGET_NAME = TestTask;
			};
			name = Release;
		};
/* End XCBuildConfiguration section */

/* Begin XCConfigurationList section */
		D4BC6496207CD1A500D60EFA /* Build configuration list for PBXProject "TestTask" */ = {
			isa = XCConfigurationList;
			buildConfigurations = (
				D4BC64C1207CD1A500D60EFA /* Debug */,
				D4BC64C2207CD1A500D60EFA /* Release */,
			);
			defaultConfigurationIsVisible = 0;
			defaultConfigurationName = Release;
		};
		D4BC64C3207CD1A500D60EFA /* Build configuration list for PBXNativeTarget "TestTask" */ = {
			isa = XCConfigurationList;
			buildConfigurations = (
				D4BC64C4207CD1A500D60EFA /* Debug */,
				D4BC64C5207CD1A500D60EFA /* Release */,
			);
			defaultConfigurationIsVisible = 0;
			defaultConfigurationName = Release;
		};
		D4BC64C6207CD1A500D60EFA /* Build configuration list for PBXNativeTarget "TestTaskTests" */ = {
			isa = XCConfigurationList;
			buildConfigurations = (
				D4BC64C7207CD1A500D60EFA /* Debug */,
				D4BC64C8207CD1A500D60EFA /* Release */,
			);
			defaultConfigurationIsVisible = 0;
			defaultConfigurationName = Release;
		};
		D4BC64C9207CD1A500D60EFA /* Build configuration list for PBXNativeTarget "TestTaskUITests" */ = {
			isa = XCConfigurationList;
			buildConfigurations = (
				D4BC64CA207CD1A500D60EFA /* Debug */,
				D4BC64CB207CD1A500D60EFA /* Release */,
			);
			defaultConfigurationIsVisible = 0;
			defaultConfigurationName = Release;
		};
/* End XCConfigurationList section */
	};
	rootObject = D4BC6493207CD1A500D60EFA /* Project object */;
}
